
Microsoft Visual Studio Solution File, Format Version 12.00
# Visual Studio Version 17
VisualStudioVersion = 17.10.35027.167
MinimumVisualStudioVersion = 10.0.40219.1
Project("{FAE04EC0-301F-11D3-BF4B-00C04F79EFBC}") = "WebApplication1", "WebApplication1.csproj", "{46241391-B671-417B-8701-0C4B2AA56E15}"
EndProject
Global
	GlobalSection(SolutionConfigurationPlatforms) = preSolution
		Debug|Any CPU = Debug|Any CPU
		Release|Any CPU = Release|Any CPU
	EndGlobalSection
	GlobalSection(ProjectConfigurationPlatforms) = postSolution
		{46241391-B671-417B-8701-0C4B2AA56E15}.Debug|Any CPU.ActiveCfg = Debug|Any CPU
		{46241391-B671-417B-8701-0C4B2AA56E15}.Debug|Any CPU.Build.0 = Debug|Any CPU
		{46241391-B671-417B-8701-0C4B2AA56E15}.Release|Any CPU.ActiveCfg = Release|Any CPU
		{46241391-B671-417B-8701-0C4B2AA56E15}.Release|Any CPU.Build.0 = Release|Any CPU
	EndGlobalSection
	GlobalSection(SolutionProperties) = preSolution
		HideSolutionNode = FALSE
	EndGlobalSection
	GlobalSection(ExtensibilityGlobals) = postSolution
		SolutionGuid = {0616A4DC-44F7-4DF8-826B-E260E170EBB3}
	EndGlobalSection
EndGlobal
